
Microsoft Visual Studio Solution File, Format Version 12.00
# Visual Studio Version 17
VisualStudioVersion = 17.7.34031.279
MinimumVisualStudioVersion = 10.0.40219.1
Project("{FAE04EC0-301F-11D3-BF4B-00C04F79EFBC}") = "Server", "Server\Server.csproj", "{F03BA98B-7F9D-46AD-9A4F-06F76336B008}"
EndProject
Project("{FAE04EC0-301F-11D3-BF4B-00C04F79EFBC}") = "DBBroker", "DBBroker\DBBroker.csproj", "{800662C8-EF43-49D9-B156-84D9E81BC6E1}"
EndProject
Project("{FAE04EC0-301F-11D3-BF4B-00C04F79EFBC}") = "Common", "Common\Common.csproj", "{62FD297B-86D6-424C-84E5-30BEC7587954}"
EndProject
Project("{FAE04EC0-301F-11D3-BF4B-00C04F79EFBC}") = "Client", "Client\Client.csproj", "{DCE73A3B-DC34-4EB9-8251-FC7CE56A874A}"
EndProject
Global
	GlobalSection(SolutionConfigurationPlatforms) = preSolution
		Debug|Any CPU = Debug|Any CPU
		Release|Any CPU = Release|Any CPU
	EndGlobalSection
	GlobalSection(ProjectConfigurationPlatforms) = postSolution
		{F03BA98B-7F9D-46AD-9A4F-06F76336B008}.Debug|Any CPU.ActiveCfg = Debug|Any CPU
		{F03BA98B-7F9D-46AD-9A4F-06F76336B008}.Debug|Any CPU.Build.0 = Debug|Any CPU
		{F03BA98B-7F9D-46AD-9A4F-06F76336B008}.Release|Any CPU.ActiveCfg = Release|Any CPU
		{F03BA98B-7F9D-46AD-9A4F-06F76336B008}.Release|Any CPU.Build.0 = Release|Any CPU
		{800662C8-EF43-49D9-B156-84D9E81BC6E1}.Debug|Any CPU.ActiveCfg = Debug|Any CPU
		{800662C8-EF43-49D9-B156-84D9E81BC6E1}.Debug|Any CPU.Build.0 = Debug|Any CPU
		{800662C8-EF43-49D9-B156-84D9E81BC6E1}.Release|Any CPU.ActiveCfg = Release|Any CPU
		{800662C8-EF43-49D9-B156-84D9E81BC6E1}.Release|Any CPU.Build.0 = Release|Any CPU
		{62FD297B-86D6-424C-84E5-30BEC7587954}.Debug|Any CPU.ActiveCfg = Debug|Any CPU
		{62FD297B-86D6-424C-84E5-30BEC7587954}.Debug|Any CPU.Build.0 = Debug|Any CPU
		{62FD297B-86D6-424C-84E5-30BEC7587954}.Release|Any CPU.ActiveCfg = Release|Any CPU
		{62FD297B-86D6-424C-84E5-30BEC7587954}.Release|Any CPU.Build.0 = Release|Any CPU
		{DCE73A3B-DC34-4EB9-8251-FC7CE56A874A}.Debug|Any CPU.ActiveCfg = Debug|Any CPU
		{DCE73A3B-DC34-4EB9-8251-FC7CE56A874A}.Debug|Any CPU.Build.0 = Debug|Any CPU
		{DCE73A3B-DC34-4EB9-8251-FC7CE56A874A}.Release|Any CPU.ActiveCfg = Release|Any CPU
		{DCE73A3B-DC34-4EB9-8251-FC7CE56A874A}.Release|Any CPU.Build.0 = Release|Any CPU
	EndGlobalSection
	GlobalSection(SolutionProperties) = preSolution
		HideSolutionNode = FALSE
	EndGlobalSection
	GlobalSection(ExtensibilityGlobals) = postSolution
		SolutionGuid = {F246701B-C87F-4086-8E5B-32DB35C6809C}
	EndGlobalSection
EndGlobal
